# This file is autogenerated, do not edit; changes may be undone by the next 'dep ensure'.


[[projects]]
  branch = "master"
  name = "github.com/aybabtme/rgbterm"
  packages = ["."]
  revision = "cc83f3b3ce5911279513a46d6d3316d67bedaa54"

[solve-meta]
  analyzer-name = "dep"
  analyzer-version = 1
  inputs-digest = "37dcb8960cf80630df346d89a4f0f7eadb4204a60e19de01a4099d7321548b11"
  solver-name = "gps-cdcl"
  solver-version = 1
